
Microsoft Visual Studio Solution File, Format Version 12.00
# Visual Studio Version 17
VisualStudioVersion = 17.1.32210.238
MinimumVisualStudioVersion = 10.0.40219.1
Project("{FAE04EC0-301F-11D3-BF4B-00C04F79EFBC}") = "comp367Darji-lab1", "comp367Darji-lab1\comp367Darji-lab1.csproj", "{79128246-578E-4432-90D2-D62573823700}"
EndProject
Global
	GlobalSection(SolutionConfigurationPlatforms) = preSolution
		Debug|Any CPU = Debug|Any CPU
		Release|Any CPU = Release|Any CPU
	EndGlobalSection
	GlobalSection(ProjectConfigurationPlatforms) = postSolution
		{79128246-578E-4432-90D2-D62573823700}.Debug|Any CPU.ActiveCfg = Debug|Any CPU
		{79128246-578E-4432-90D2-D62573823700}.Debug|Any CPU.Build.0 = Debug|Any CPU
		{79128246-578E-4432-90D2-D62573823700}.Release|Any CPU.ActiveCfg = Release|Any CPU
		{79128246-578E-4432-90D2-D62573823700}.Release|Any CPU.Build.0 = Release|Any CPU
	EndGlobalSection
	GlobalSection(SolutionProperties) = preSolution
		HideSolutionNode = FALSE
	EndGlobalSection
	GlobalSection(ExtensibilityGlobals) = postSolution
		SolutionGuid = {8AC041CE-0106-4583-BE72-DEB6C501BF10}
	EndGlobalSection
EndGlobal
